# Generated by buf. DO NOT EDIT.
version: v1
deps:
  - remote: buf.build
    owner: envoyproxy
    repository: protoc-gen-validate
    branch: main
    commit: d4b3491aba654a18ace264bc8196bd16
    digest: b1-nntzab9-HTi6TLuah2VvNWF8KS8v6-kTyuigE5W5veE=
    create_time: 2021-08-10T21:03:02.017838Z
  - remote: buf.build
    owner: googleapis
    repository: googleapis
    branch: main
    commit: 84c3cad756d2435982d9e3b72680fa96
    digest: b1-GVZocI28gwtZCKNAO4Jd83jaE_XMjcAuEBtjnWvybO0=
    create_time: 2021-08-17T15:06:58.03881Z
  - remote: buf.build
    owner: grpc-ecosystem
    repository: grpc-gateway
    branch: main
    commit: d1922677830c448eb65ec590f3abc734
    digest: b1-zmmsl0XlsSF4_BhZe7w9NMdImBCRtMSn68rmn9H1faQ=
    create_time: 2021-08-17T02:45:07.151993Z
