# Generated by buf. DO NOT EDIT.
version: v2
deps:
  - name: buf.build/bufbuild/protovalidate
    commit: a6c49f84cc0f4e038680d390392e2ab0
    digest: b5:e968392e88ff7915adcbd1635d670b45bff8836ec2415d81fc559ca5470a695dbdc30030bad8bc5764647c731079e9e7bba0023ea25c4e4a1672a7d2561d4a19
  - name: buf.build/googleapis/googleapis
    commit: e7f8d366f5264595bcc4cd4139af9973
    digest: b5:0cd69a689ee320ed815663d57d1bc3a1d6823224a7a717d46fee3a68197c25a6f5f932c0b0e49f8370c70c247a6635969a6a54af5345cafd51e0667298768aca
  - name: buf.build/grpc-ecosystem/grpc-gateway
    commit: a48fcebcf8f140dd9d09359b9bb185a4
    digest: b5:330af8a71b579ab96c4f3ee26929d1a68a5a9e986c7cfe0a898591fc514216bb6e723dc04c74d90fdee3f3f14f9100a54b4f079eb273e6e7213f0d5baca36ff8
