# Generated by buf. DO NOT EDIT.
version: v2
deps:
  - name: buf.build/bufbuild/protovalidate
    commit: e097f827e65240ac9fd4b1158849a8fc
    digest: b5:beda657a164abf9d1bac222e352f14d9a4a8c913ccdb7e5c3dfeda097690f60e8edb27b518c2d8e73b70aecb6ac47fdc3654a1f62b9e09c3566cd4e620628cfd
  - name: buf.build/googleapis/googleapis
    commit: b30c5775bfb3485d9da2e87b26590ac9
    digest: b5:13f091a467b31c7f734307e6760d864e3319b9c47656f2ada6efa45c643864d9c9e7d5cd372c92cc8e0972deb63f41bc8fc88a5ca21ab2e9ea04d2144752857d
  - name: buf.build/grpc-ecosystem/grpc-gateway
    commit: 3f42134f4c564983838425bc43c7a65f
    digest: b5:291b947d8ac09492517557e4e72e294788cb8201afc7d0df7bda80fa10931adb60d4d669208a7696bf24f1ecb2a33a16d4c1e766e6f31809248b00343119569b
