buf.build/gen/go/bufbuild/protovalidate/protocolbuffers/go v1.34.2-20240508200655-46a4cf4ba109.2 h1:cFrEG/pJch6t62+jqndcPXeTNkYcztS4tBRgNkR+drw=
buf.build/gen/go/bufbuild/protovalidate/protocolbuffers/go v1.34.2-20240508200655-46a4cf4ba109.2/go.mod h1:ylS4c28ACSI59oJrOdW4pHS4n0Hw4TgSPHn8rpHl4Yw=
github.com/google/go-cmp v0.6.0 h1:ofyhxvXcZhMsU5ulbFiLKl/XBFqE1GSq7atu8tAmTRI=
github.com/grpc-ecosystem/grpc-gateway/v2 v2.20.0 h1:bkypFPDjIYGfCYD5mRBvpqxfYX1YCS1PXdKYWi8FsN0=
github.com/grpc-ecosystem/grpc-gateway/v2 v2.20.0/go.mod h1:P+Lt/0by1T8bfcF3z737NnSbmxQAppXMRziHUxPOC8k=
github.com/planetscale/vtprotobuf v0.6.0 h1:nBeETjudeJ5ZgBHUz1fVHvbqUKnYOXNhsIEabROxmNA=
github.com/planetscale/vtprotobuf v0.6.0/go.mod h1:t/avpk3KcrXxUnYOhZhMXJlSEyie6gQbtLq5NM3loB8=
golang.org/x/net v0.23.0 h1:7EYJ93RZ9vYSZAIb2x3lnuvqO5zneoD6IvWjuhfxjTs=
golang.org/x/net v0.23.0/go.mod h1:JKghWKKOSdJwpW2GEx0Ja7fmaKnMsbu+MWVZTokSYmg=
golang.org/x/sys v0.18.0 h1:DBdB3niSjOA/O0blCZBqDefyWNYveAYMNF1Wum0DYQ4=
golang.org/x/sys v0.18.0/go.mod h1:/VUhepiaJMQUp4+oa/7Zr1D23ma6VTLIYjOOTFZPUcA=
golang.org/x/text v0.15.0 h1:h1V/4gjBv8v9cjcR6+AR5+/cIYK5N/WAgiv4xlsEtAk=
golang.org/x/text v0.15.0/go.mod h1:18ZOQIKpY8NJVqYksKHtTdi31H5itFRjB5/qKTNYzSU=
google.golang.org/genproto/googleapis/api v0.0.0-20240610135401-a8a62080eff3 h1:QW9+G6Fir4VcRXVH8x3LilNAb6cxBGLa6+GM4hRwexE=
google.golang.org/genproto/googleapis/api v0.0.0-20240610135401-a8a62080eff3/go.mod h1:kdrSS/OiLkPrNUpzD4aHgCq2rVuC/YRxok32HXZ4vRE=
google.golang.org/genproto/googleapis/rpc v0.0.0-20240604185151-ef581f913117 h1:1GBuWVLM/KMVUv1t1En5Gs+gFZCNd360GGb4sSxtrhU=
google.golang.org/genproto/googleapis/rpc v0.0.0-20240604185151-ef581f913117/go.mod h1:EfXuqaE1J41VCDicxHzUDm+8rk+7ZdXzHV0IhO/I6s0=
google.golang.org/grpc v1.64.0 h1:KH3VH9y/MgNQg1dE7b3XfVK0GsPSIzJwdF617gUSbvY=
google.golang.org/grpc v1.64.0/go.mod h1:oxjF8E3FBnjp+/gVFYdWacaLDx9na1aqy9oovLpxQYg=
google.golang.org/protobuf v1.34.2 h1:6xV6lTsCfpGD21XK49h7MhtcApnLqkfYgPcdHftf6hg=
google.golang.org/protobuf v1.34.2/go.mod h1:qYOHts0dSfpeUzUFpOMr/WGzszTmLH+DiWniOlNbLDw=
