# Generated by buf. DO NOT EDIT.
version: v1
deps:
  - remote: buf.build
    owner: bufbuild
    repository: protovalidate
    commit: b9b8148056b94f6898cc669574bae125
    digest: shake256:5660d7a38dd2ff9a7b8a6304bca6fe798dc6bcd7ecb06c4ce8ebdc0649c2fe969356b90a445a391195fdeae461fbbd9a917dab7687e090465addcb2dbb285b36
  - remote: buf.build
    owner: cerbos
    repository: cerbos-api
    commit: 4c044ce791834c7a9fa1ddb5d617fc48
    digest: shake256:76b7d1deda5baf0bca786fdd5e655179121aba860fea9a7362fa4dfb07a4f27d76c44c1a3035dbc5e2dfde4ee94ec293548c97c6e6985f70625ab85ac3d61e62
  - remote: buf.build
    owner: envoyproxy
    repository: protoc-gen-validate
    commit: 6607b10f00ed4a3d98f906807131c44a
    digest: shake256:acc7b2ededb2f88d296862943a003b157bdb68ec93ed13dcd8566b2d06e47993ea6daf12013b9655658aaf6bbdb141cf65bfe400ce2870f4654b0a5b45e57c09
  - remote: buf.build
    owner: googleapis
    repository: googleapis
    commit: 28151c0d0a1641bf938a7672c500e01d
    digest: shake256:49215edf8ef57f7863004539deff8834cfb2195113f0b890dd1f67815d9353e28e668019165b9d872395871eeafcbab3ccfdb2b5f11734d3cca95be9e8d139de
  - remote: buf.build
    owner: grpc-ecosystem
    repository: grpc-gateway
    commit: 11c9972ea0fd4c95a2c38d29bb1dc817
    digest: shake256:9c7ce822dff52ad28714465396fbe98e879409677a61687b7dd9bb3d1484aa5d1704c013698b24f34c5d51023dbff47287ecd9676271953c25e646b42ebb76c5
