# Generated by buf. DO NOT EDIT.
version: v1
deps:
  - remote: buf.build
    owner: bufbuild
    repository: protovalidate
    commit: e097f827e65240ac9fd4b1158849a8fc
    digest: shake256:f19252436fd9ded945631e2ffaaed28247a92c9015ccf55ae99db9fb3d9600c4fdb00fd2d3bd7701026ec2fd4715c5129e6ae517c25a59ba690020cfe80bf8ad
  - remote: buf.build
    owner: cerbos
    repository: cerbos-api
    commit: b606e6ef845f444d8ed92bd056379fbc
    digest: shake256:bda7486ec7d954aab87dcea22e58381c78ad0c079f1b72331558f064cbd0664109b0a8f71a4c8411a29206181fe93ea90e96586edcdf38865acbe971cba99b48
  - remote: buf.build
    owner: googleapis
    repository: googleapis
    commit: b30c5775bfb3485d9da2e87b26590ac9
    digest: shake256:9d0caaf056949a0e1c883b9849d8a2fa66e22f18a2a48f867d1a8c700aa22abee50ad3ef0d8171637457cadc43c584998bdf3adac55da0f9e4614c72686b057d
  - remote: buf.build
    owner: grpc-ecosystem
    repository: grpc-gateway
    commit: 048ae6ff94ca4476b3225904b1078fad
    digest: shake256:e5250bf2d999516c02206d757502b902e406f35c099d0e869dc3e4f923f6870fe0805a9974c27df0695462937eae90cd4d9db90bb9a03489412560baa74a87b6
